{
    "requires": true,
    "lockfileVersion": 1,
    "dependencies": {
        "virtual-scrolling-tree": {
            "version": "0.4.0",
            "resolved": "https://registry.npmjs.org/virtual-scrolling-tree/-/virtual-scrolling-tree-0.4.0.tgz",
            "integrity": "sha512-wcoFzMyA6bFWjLBM0caEgv7rqsdZBNyIKJsWIZGPfGVrWGjNCx5+zAo19tqSzQFkUReC043/oY3TaWtIqINTQg=="
        }
    }
}
