{
    "requires": true,
    "lockfileVersion": 1,
    "dependencies": {
        "virtual-scrolling-tree": {
            "version": "0.5.1",
            "resolved": "https://registry.npmjs.org/virtual-scrolling-tree/-/virtual-scrolling-tree-0.5.1.tgz",
            "integrity": "sha512-3zMe98xCGURQa1R8U/XTUD2s53Ruul+w+r6dhpGrfRIrmNLqWSz9qIVcLm9/4VyE3Eov7RTSU/mHEWILKhTipQ=="
        }
    }
}
