{
    "requires": true,
    "lockfileVersion": 1,
    "dependencies": {
        "scrollbar-framework": {
            "version": "0.0.2",
            "resolved": "https://registry.npmjs.org/scrollbar-framework/-/scrollbar-framework-0.0.2.tgz",
            "integrity": "sha512-fmAP4+g62fyE/WTaRP8C/VWnWr8DnzEhxudzv3hnl9ZO0e0AWo0FfgiQ/Rb074QsH786IpFmF/vO1A5zEiL/Xw=="
        }
    }
}
